
Microsoft Visual Studio Solution File, Format Version 12.00
# Visual Studio Version 16
VisualStudioVersion = 16.0.29230.47
MinimumVisualStudioVersion = 10.0.40219.1
Project("{FAE04EC0-301F-11D3-BF4B-00C04F79EFBC}") = "FNCORCL2", "FNCORCL2.csproj", "{CAD6EA22-C4CE-42EC-BC5F-2EBB56AACF51}"
EndProject
Global
	GlobalSection(SolutionConfigurationPlatforms) = preSolution
		Debug|Any CPU = Debug|Any CPU
		Release|Any CPU = Release|Any CPU
	EndGlobalSection
	GlobalSection(ProjectConfigurationPlatforms) = postSolution
		{CAD6EA22-C4CE-42EC-BC5F-2EBB56AACF51}.Debug|Any CPU.ActiveCfg = Debug|Any CPU
		{CAD6EA22-C4CE-42EC-BC5F-2EBB56AACF51}.Debug|Any CPU.Build.0 = Debug|Any CPU
		{CAD6EA22-C4CE-42EC-BC5F-2EBB56AACF51}.Release|Any CPU.ActiveCfg = Release|Any CPU
		{CAD6EA22-C4CE-42EC-BC5F-2EBB56AACF51}.Release|Any CPU.Build.0 = Release|Any CPU
	EndGlobalSection
	GlobalSection(SolutionProperties) = preSolution
		HideSolutionNode = FALSE
	EndGlobalSection
	GlobalSection(ExtensibilityGlobals) = postSolution
		SolutionGuid = {7A2FF7E8-16FD-4B9F-8158-211FA739458F}
	EndGlobalSection
EndGlobal
